// !$*UTF8*$!
{
	archiveVersion = 1;
	classes = {
	};
	objectVersion = 56;
	objects = {

/* Begin PBXBuildFile section */
		CC1A54AA2CC4E50400A989B4 /* LightingView.swift in Sources */ = {isa = PBXBuildFile; fileRef = CC1A54A92CC4E50400A989B4 /* LightingView.swift */; };
		CC1A54AF2CC4E92100A989B4 /* MTLLightingViewController.swift in Sources */ = {isa = PBXBuildFile; fileRef = CC1A54AE2CC4E92100A989B4 /* MTLLightingViewController.swift */; };
		CC1A54B12CC4E95A00A989B4 /* MTLLightingRenderer.swift in Sources */ = {isa = PBXBuildFile; fileRef = CC1A54B02CC4E95A00A989B4 /* MTLLightingRenderer.swift */; };
		CC1A54B32CC4EA1000A989B4 /* LightingVertex.metal in Sources */ = {isa = PBXBuildFile; fileRef = CC1A54B22CC4EA1000A989B4 /* LightingVertex.metal */; };
		CC1A54B52CC4EA2000A989B4 /* LightingFragment.metal in Sources */ = {isa = PBXBuildFile; fileRef = CC1A54B42CC4EA2000A989B4 /* LightingFragment.metal */; };
		CC1A54BD2CCCEEF400A989B4 /* LightingMath.swift in Sources */ = {isa = PBXBuildFile; fileRef = CC1A54BC2CCCEEF400A989B4 /* LightingMath.swift */; };
		CC1A54C02CCCFEE300A989B4 /* UniformTime.swift in Sources */ = {isa = PBXBuildFile; fileRef = CC1A54BF2CCCFEE300A989B4 /* UniformTime.swift */; };
		CC1A54C22CCCFF0D00A989B4 /* MTLUniformTimeViewController.swift in Sources */ = {isa = PBXBuildFile; fileRef = CC1A54C12CCCFF0D00A989B4 /* MTLUniformTimeViewController.swift */; };
		CC1A54C42CCCFF2400A989B4 /* MTLUniformTimeRenderer.swift in Sources */ = {isa = PBXBuildFile; fileRef = CC1A54C32CCCFF2400A989B4 /* MTLUniformTimeRenderer.swift */; };
		CC1A54C62CCCFF3D00A989B4 /* UniformTimeVertex.metal in Sources */ = {isa = PBXBuildFile; fileRef = CC1A54C52CCCFF3D00A989B4 /* UniformTimeVertex.metal */; };
		CC1A54C82CCCFF4900A989B4 /* UniformTimeFragment.metal in Sources */ = {isa = PBXBuildFile; fileRef = CC1A54C72CCCFF4900A989B4 /* UniformTimeFragment.metal */; };
		CC1A54CE2CCD111600A989B4 /* GLFragCoordView.swift in Sources */ = {isa = PBXBuildFile; fileRef = CC1A54CD2CCD111600A989B4 /* GLFragCoordView.swift */; };
		CC1A54D02CCD113500A989B4 /* MTLGLFragCoordViewController.swift in Sources */ = {isa = PBXBuildFile; fileRef = CC1A54CF2CCD113500A989B4 /* MTLGLFragCoordViewController.swift */; };
		CC1A54D22CCD114700A989B4 /* MTLGLFragCoordRenderer.swift in Sources */ = {isa = PBXBuildFile; fileRef = CC1A54D12CCD114700A989B4 /* MTLGLFragCoordRenderer.swift */; };
		CC1A54D42CCD115600A989B4 /* GLFragCoordVertex.metal in Sources */ = {isa = PBXBuildFile; fileRef = CC1A54D32CCD115600A989B4 /* GLFragCoordVertex.metal */; };
		CC1A54D62CCD116900A989B4 /* GLFragCoordFragment.metal in Sources */ = {isa = PBXBuildFile; fileRef = CC1A54D52CCD116900A989B4 /* GLFragCoordFragment.metal */; };
		CCF0BE3C2CC4C10D00184E5D /* metal_sandbox_iosApp.swift in Sources */ = {isa = PBXBuildFile; fileRef = CCF0BE3B2CC4C10D00184E5D /* metal_sandbox_iosApp.swift */; };
		CCF0BE3E2CC4C10D00184E5D /* ContentView.swift in Sources */ = {isa = PBXBuildFile; fileRef = CCF0BE3D2CC4C10D00184E5D /* ContentView.swift */; };
		CCF0BE402CC4C10F00184E5D /* Assets.xcassets in Resources */ = {isa = PBXBuildFile; fileRef = CCF0BE3F2CC4C10F00184E5D /* Assets.xcassets */; };
		CCF0BE4B2CC4C1E400184E5D /* SandboxCases.swift in Sources */ = {isa = PBXBuildFile; fileRef = CCF0BE4A2CC4C1E400184E5D /* SandboxCases.swift */; };
		CCF0BE4D2CC4C28900184E5D /* ClearColorView.swift in Sources */ = {isa = PBXBuildFile; fileRef = CCF0BE4C2CC4C28900184E5D /* ClearColorView.swift */; };
		CCF0BE4F2CC4C30D00184E5D /* MTLClearColorViewController.swift in Sources */ = {isa = PBXBuildFile; fileRef = CCF0BE4E2CC4C30D00184E5D /* MTLClearColorViewController.swift */; };
		CCF0BE512CC4C4A300184E5D /* MTLClearColorRenderer.swift in Sources */ = {isa = PBXBuildFile; fileRef = CCF0BE502CC4C4A300184E5D /* MTLClearColorRenderer.swift */; };
		CCF0BE532CC4C66300184E5D /* ClearColorVertex.metal in Sources */ = {isa = PBXBuildFile; fileRef = CCF0BE522CC4C66300184E5D /* ClearColorVertex.metal */; };
		CCF0BE552CC4C67900184E5D /* ClearColorFragment.metal in Sources */ = {isa = PBXBuildFile; fileRef = CCF0BE542CC4C67900184E5D /* ClearColorFragment.metal */; };
/* End PBXBuildFile section */

/* Begin PBXFileReference section */
		CC1A54A92CC4E50400A989B4 /* LightingView.swift */ = {isa = PBXFileReference; lastKnownFileType = sourcecode.swift; path = LightingView.swift; sourceTree = "<group>"; };
		CC1A54AE2CC4E92100A989B4 /* MTLLightingViewController.swift */ = {isa = PBXFileReference; lastKnownFileType = sourcecode.swift; path = MTLLightingViewController.swift; sourceTree = "<group>"; };
		CC1A54B02CC4E95A00A989B4 /* MTLLightingRenderer.swift */ = {isa = PBXFileReference; lastKnownFileType = sourcecode.swift; path = MTLLightingRenderer.swift; sourceTree = "<group>"; };
		CC1A54B22CC4EA1000A989B4 /* LightingVertex.metal */ = {isa = PBXFileReference; lastKnownFileType = sourcecode.metal; path = LightingVertex.metal; sourceTree = "<group>"; };
		CC1A54B42CC4EA2000A989B4 /* LightingFragment.metal */ = {isa = PBXFileReference; lastKnownFileType = sourcecode.metal; path = LightingFragment.metal; sourceTree = "<group>"; };
		CC1A54B62CC4EA3700A989B4 /* LightingShadertypes.h */ = {isa = PBXFileReference; lastKnownFileType = sourcecode.c.h; path = LightingShadertypes.h; sourceTree = "<group>"; };
		CC1A54BC2CCCEEF400A989B4 /* LightingMath.swift */ = {isa = PBXFileReference; lastKnownFileType = sourcecode.swift; path = LightingMath.swift; sourceTree = "<group>"; };
		CC1A54BF2CCCFEE300A989B4 /* UniformTime.swift */ = {isa = PBXFileReference; lastKnownFileType = sourcecode.swift; path = UniformTime.swift; sourceTree = "<group>"; };
		CC1A54C12CCCFF0D00A989B4 /* MTLUniformTimeViewController.swift */ = {isa = PBXFileReference; lastKnownFileType = sourcecode.swift; path = MTLUniformTimeViewController.swift; sourceTree = "<group>"; };
		CC1A54C32CCCFF2400A989B4 /* MTLUniformTimeRenderer.swift */ = {isa = PBXFileReference; lastKnownFileType = sourcecode.swift; path = MTLUniformTimeRenderer.swift; sourceTree = "<group>"; };
		CC1A54C52CCCFF3D00A989B4 /* UniformTimeVertex.metal */ = {isa = PBXFileReference; lastKnownFileType = sourcecode.metal; path = UniformTimeVertex.metal; sourceTree = "<group>"; };
		CC1A54C72CCCFF4900A989B4 /* UniformTimeFragment.metal */ = {isa = PBXFileReference; lastKnownFileType = sourcecode.metal; path = UniformTimeFragment.metal; sourceTree = "<group>"; };
		CC1A54C92CCCFF5900A989B4 /* UniformTImeShaderTypes.h */ = {isa = PBXFileReference; lastKnownFileType = sourcecode.c.h; path = UniformTImeShaderTypes.h; sourceTree = "<group>"; };
		CC1A54CD2CCD111600A989B4 /* GLFragCoordView.swift */ = {isa = PBXFileReference; lastKnownFileType = sourcecode.swift; path = GLFragCoordView.swift; sourceTree = "<group>"; };
		CC1A54CF2CCD113500A989B4 /* MTLGLFragCoordViewController.swift */ = {isa = PBXFileReference; lastKnownFileType = sourcecode.swift; path = MTLGLFragCoordViewController.swift; sourceTree = "<group>"; };
		CC1A54D12CCD114700A989B4 /* MTLGLFragCoordRenderer.swift */ = {isa = PBXFileReference; lastKnownFileType = sourcecode.swift; path = MTLGLFragCoordRenderer.swift; sourceTree = "<group>"; };
		CC1A54D32CCD115600A989B4 /* GLFragCoordVertex.metal */ = {isa = PBXFileReference; lastKnownFileType = sourcecode.metal; path = GLFragCoordVertex.metal; sourceTree = "<group>"; };
		CC1A54D52CCD116900A989B4 /* GLFragCoordFragment.metal */ = {isa = PBXFileReference; lastKnownFileType = sourcecode.metal; path = GLFragCoordFragment.metal; sourceTree = "<group>"; };
		CC1A54D72CCD117D00A989B4 /* GLFragCoordShaderTypes.h */ = {isa = PBXFileReference; lastKnownFileType = sourcecode.c.h; path = GLFragCoordShaderTypes.h; sourceTree = "<group>"; };
		CCF0BE382CC4C10D00184E5D /* metal-sandbox-ios.app */ = {isa = PBXFileReference; explicitFileType = wrapper.application; includeInIndex = 0; path = "metal-sandbox-ios.app"; sourceTree = BUILT_PRODUCTS_DIR; };
		CCF0BE3B2CC4C10D00184E5D /* metal_sandbox_iosApp.swift */ = {isa = PBXFileReference; lastKnownFileType = sourcecode.swift; path = metal_sandbox_iosApp.swift; sourceTree = "<group>"; };
		CCF0BE3D2CC4C10D00184E5D /* ContentView.swift */ = {isa = PBXFileReference; lastKnownFileType = sourcecode.swift; path = ContentView.swift; sourceTree = "<group>"; };
		CCF0BE3F2CC4C10F00184E5D /* Assets.xcassets */ = {isa = PBXFileReference; lastKnownFileType = folder.assetcatalog; path = Assets.xcassets; sourceTree = "<group>"; };
		CCF0BE4A2CC4C1E400184E5D /* SandboxCases.swift */ = {isa = PBXFileReference; lastKnownFileType = sourcecode.swift; path = SandboxCases.swift; sourceTree = "<group>"; };
		CCF0BE4C2CC4C28900184E5D /* ClearColorView.swift */ = {isa = PBXFileReference; lastKnownFileType = sourcecode.swift; path = ClearColorView.swift; sourceTree = "<group>"; };
		CCF0BE4E2CC4C30D00184E5D /* MTLClearColorViewController.swift */ = {isa = PBXFileReference; lastKnownFileType = sourcecode.swift; path = MTLClearColorViewController.swift; sourceTree = "<group>"; };
		CCF0BE502CC4C4A300184E5D /* MTLClearColorRenderer.swift */ = {isa = PBXFileReference; lastKnownFileType = sourcecode.swift; path = MTLClearColorRenderer.swift; sourceTree = "<group>"; };
		CCF0BE522CC4C66300184E5D /* ClearColorVertex.metal */ = {isa = PBXFileReference; lastKnownFileType = sourcecode.metal; path = ClearColorVertex.metal; sourceTree = "<group>"; };
		CCF0BE542CC4C67900184E5D /* ClearColorFragment.metal */ = {isa = PBXFileReference; lastKnownFileType = sourcecode.metal; path = ClearColorFragment.metal; sourceTree = "<group>"; };
		CCF0BE572CC4CF0900184E5D /* ClearColorShaderTypes.h */ = {isa = PBXFileReference; lastKnownFileType = sourcecode.c.h; path = ClearColorShaderTypes.h; sourceTree = "<group>"; };
		CCF0BE582CC4CF7900184E5D /* metal-sandbox-ios-Bridging-Header.h */ = {isa = PBXFileReference; lastKnownFileType = sourcecode.c.h; path = "metal-sandbox-ios-Bridging-Header.h"; sourceTree = "<group>"; };
/* End PBXFileReference section */

/* Begin PBXFrameworksBuildPhase section */
		CCF0BE352CC4C10D00184E5D /* Frameworks */ = {
			isa = PBXFrameworksBuildPhase;
			buildActionMask = 2147483647;
			files = (
			);
			runOnlyForDeploymentPostprocessing = 0;
		};
/* End PBXFrameworksBuildPhase section */

/* Begin PBXGroup section */
		CC1A54A82CC4E4E500A989B4 /* 002Lighting */ = {
			isa = PBXGroup;
			children = (
				CC1A54A92CC4E50400A989B4 /* LightingView.swift */,
				CC1A54BC2CCCEEF400A989B4 /* LightingMath.swift */,
				CC1A54AE2CC4E92100A989B4 /* MTLLightingViewController.swift */,
				CC1A54B02CC4E95A00A989B4 /* MTLLightingRenderer.swift */,
				CC1A54B22CC4EA1000A989B4 /* LightingVertex.metal */,
				CC1A54B42CC4EA2000A989B4 /* LightingFragment.metal */,
				CC1A54B62CC4EA3700A989B4 /* LightingShadertypes.h */,
			);
			path = 002Lighting;
			sourceTree = "<group>";
		};
		CC1A54BE2CCCFEBF00A989B4 /* 003UniformTime */ = {
			isa = PBXGroup;
			children = (
				CC1A54BF2CCCFEE300A989B4 /* UniformTime.swift */,
				CC1A54C12CCCFF0D00A989B4 /* MTLUniformTimeViewController.swift */,
				CC1A54C32CCCFF2400A989B4 /* MTLUniformTimeRenderer.swift */,
				CC1A54C52CCCFF3D00A989B4 /* UniformTimeVertex.metal */,
				CC1A54C72CCCFF4900A989B4 /* UniformTimeFragment.metal */,
				CC1A54C92CCCFF5900A989B4 /* UniformTImeShaderTypes.h */,
			);
			path = 003UniformTime;
			sourceTree = "<group>";
		};
		CC1A54CA2CCD107800A989B4 /* 004GLFragCoord */ = {
			isa = PBXGroup;
			children = (
				CC1A54CD2CCD111600A989B4 /* GLFragCoordView.swift */,
				CC1A54CF2CCD113500A989B4 /* MTLGLFragCoordViewController.swift */,
				CC1A54D12CCD114700A989B4 /* MTLGLFragCoordRenderer.swift */,
				CC1A54D32CCD115600A989B4 /* GLFragCoordVertex.metal */,
				CC1A54D52CCD116900A989B4 /* GLFragCoordFragment.metal */,
				CC1A54D72CCD117D00A989B4 /* GLFragCoordShaderTypes.h */,
			);
			path = 004GLFragCoord;
			sourceTree = "<group>";
		};
		CCF0BE2F2CC4C10D00184E5D = {
			isa = PBXGroup;
			children = (
				CC1A54CA2CCD107800A989B4 /* 004GLFragCoord */,
				CC1A54BE2CCCFEBF00A989B4 /* 003UniformTime */,
				CC1A54A82CC4E4E500A989B4 /* 002Lighting */,
				CCF0BE492CC4C1C000184E5D /* 001ClearColor */,
				CCF0BE582CC4CF7900184E5D /* metal-sandbox-ios-Bridging-Header.h */,
				CCF0BE3B2CC4C10D00184E5D /* metal_sandbox_iosApp.swift */,
				CCF0BE3D2CC4C10D00184E5D /* ContentView.swift */,
				CCF0BE4A2CC4C1E400184E5D /* SandboxCases.swift */,
				CCF0BE3F2CC4C10F00184E5D /* Assets.xcassets */,
				CCF0BE392CC4C10D00184E5D /* Products */,
			);
			sourceTree = "<group>";
		};
		CCF0BE392CC4C10D00184E5D /* Products */ = {
			isa = PBXGroup;
			children = (
				CCF0BE382CC4C10D00184E5D /* metal-sandbox-ios.app */,
			);
			name = Products;
			sourceTree = "<group>";
		};
		CCF0BE492CC4C1C000184E5D /* 001ClearColor */ = {
			isa = PBXGroup;
			children = (
				CCF0BE4C2CC4C28900184E5D /* ClearColorView.swift */,
				CCF0BE4E2CC4C30D00184E5D /* MTLClearColorViewController.swift */,
				CCF0BE502CC4C4A300184E5D /* MTLClearColorRenderer.swift */,
				CCF0BE522CC4C66300184E5D /* ClearColorVertex.metal */,
				CCF0BE542CC4C67900184E5D /* ClearColorFragment.metal */,
				CCF0BE572CC4CF0900184E5D /* ClearColorShaderTypes.h */,
			);
			path = 001ClearColor;
			sourceTree = "<group>";
		};
/* End PBXGroup section */

/* Begin PBXNativeTarget section */
		CCF0BE372CC4C10D00184E5D /* metal-sandbox-ios */ = {
			isa = PBXNativeTarget;
			buildConfigurationList = CCF0BE462CC4C10F00184E5D /* Build configuration list for PBXNativeTarget "metal-sandbox-ios" */;
			buildPhases = (
				CCF0BE342CC4C10D00184E5D /* Sources */,
				CCF0BE352CC4C10D00184E5D /* Frameworks */,
				CCF0BE362CC4C10D00184E5D /* Resources */,
			);
			buildRules = (
			);
			dependencies = (
			);
			name = "metal-sandbox-ios";
			packageProductDependencies = (
			);
			productName = "metal-sandbox-ios";
			productReference = CCF0BE382CC4C10D00184E5D /* metal-sandbox-ios.app */;
			productType = "com.apple.product-type.application";
		};
/* End PBXNativeTarget section */

/* Begin PBXProject section */
		CCF0BE302CC4C10D00184E5D /* Project object */ = {
			isa = PBXProject;
			attributes = {
				BuildIndependentTargetsInParallel = 1;
				LastSwiftUpdateCheck = 1530;
				LastUpgradeCheck = 1530;
				TargetAttributes = {
					CCF0BE372CC4C10D00184E5D = {
						CreatedOnToolsVersion = 15.3;
						LastSwiftMigration = 1530;
					};
				};
			};
			buildConfigurationList = CCF0BE332CC4C10D00184E5D /* Build configuration list for PBXProject "metal-sandbox-ios" */;
			compatibilityVersion = "Xcode 14.0";
			developmentRegion = en;
			hasScannedForEncodings = 0;
			knownRegions = (
				en,
				Base,
			);
			mainGroup = CCF0BE2F2CC4C10D00184E5D;
			packageReferences = (
			);
			productRefGroup = CCF0BE392CC4C10D00184E5D /* Products */;
			projectDirPath = "";
			projectRoot = "";
			targets = (
				CCF0BE372CC4C10D00184E5D /* metal-sandbox-ios */,
			);
		};
/* End PBXProject section */

/* Begin PBXResourcesBuildPhase section */
		CCF0BE362CC4C10D00184E5D /* Resources */ = {
			isa = PBXResourcesBuildPhase;
			buildActionMask = 2147483647;
			files = (
				CCF0BE402CC4C10F00184E5D /* Assets.xcassets in Resources */,
			);
			runOnlyForDeploymentPostprocessing = 0;
		};
/* End PBXResourcesBuildPhase section */

/* Begin PBXSourcesBuildPhase section */
		CCF0BE342CC4C10D00184E5D /* Sources */ = {
			isa = PBXSourcesBuildPhase;
			buildActionMask = 2147483647;
			files = (
				CC1A54D62CCD116900A989B4 /* GLFragCoordFragment.metal in Sources */,
				CCF0BE512CC4C4A300184E5D /* MTLClearColorRenderer.swift in Sources */,
				CC1A54D22CCD114700A989B4 /* MTLGLFragCoordRenderer.swift in Sources */,
				CC1A54D42CCD115600A989B4 /* GLFragCoordVertex.metal in Sources */,
				CC1A54C42CCCFF2400A989B4 /* MTLUniformTimeRenderer.swift in Sources */,
				CCF0BE3E2CC4C10D00184E5D /* ContentView.swift in Sources */,
				CC1A54D02CCD113500A989B4 /* MTLGLFragCoordViewController.swift in Sources */,
				CC1A54B52CC4EA2000A989B4 /* LightingFragment.metal in Sources */,
				CC1A54BD2CCCEEF400A989B4 /* LightingMath.swift in Sources */,
				CC1A54C02CCCFEE300A989B4 /* UniformTime.swift in Sources */,
				CCF0BE4B2CC4C1E400184E5D /* SandboxCases.swift in Sources */,
				CCF0BE532CC4C66300184E5D /* ClearColorVertex.metal in Sources */,
				CCF0BE4F2CC4C30D00184E5D /* MTLClearColorViewController.swift in Sources */,
				CC1A54C22CCCFF0D00A989B4 /* MTLUniformTimeViewController.swift in Sources */,
				CC1A54B32CC4EA1000A989B4 /* LightingVertex.metal in Sources */,
				CCF0BE3C2CC4C10D00184E5D /* metal_sandbox_iosApp.swift in Sources */,
				CCF0BE4D2CC4C28900184E5D /* ClearColorView.swift in Sources */,
				CC1A54CE2CCD111600A989B4 /* GLFragCoordView.swift in Sources */,
				CCF0BE552CC4C67900184E5D /* ClearColorFragment.metal in Sources */,
				CC1A54B12CC4E95A00A989B4 /* MTLLightingRenderer.swift in Sources */,
				CC1A54C62CCCFF3D00A989B4 /* UniformTimeVertex.metal in Sources */,
				CC1A54C82CCCFF4900A989B4 /* UniformTimeFragment.metal in Sources */,
				CC1A54AF2CC4E92100A989B4 /* MTLLightingViewController.swift in Sources */,
				CC1A54AA2CC4E50400A989B4 /* LightingView.swift in Sources */,
			);
			runOnlyForDeploymentPostprocessing = 0;
		};
/* End PBXSourcesBuildPhase section */

/* Begin XCBuildConfiguration section */
		CCF0BE442CC4C10F00184E5D /* Debug */ = {
			isa = XCBuildConfiguration;
			buildSettings = {
				ALWAYS_SEARCH_USER_PATHS = NO;
				ASSETCATALOG_COMPILER_GENERATE_SWIFT_ASSET_SYMBOL_EXTENSIONS = YES;
				CLANG_ANALYZER_NONNULL = YES;
				CLANG_ANALYZER_NUMBER_OBJECT_CONVERSION = YES_AGGRESSIVE;
				CLANG_CXX_LANGUAGE_STANDARD = "gnu++20";
				CLANG_ENABLE_MODULES = YES;
				CLANG_ENABLE_OBJC_ARC = YES;
				CLANG_ENABLE_OBJC_WEAK = YES;
				CLANG_WARN_BLOCK_CAPTURE_AUTORELEASING = YES;
				CLANG_WARN_BOOL_CONVERSION = YES;
				CLANG_WARN_COMMA = YES;
				CLANG_WARN_CONSTANT_CONVERSION = YES;
				CLANG_WARN_DEPRECATED_OBJC_IMPLEMENTATIONS = YES;
				CLANG_WARN_DIRECT_OBJC_ISA_USAGE = YES_ERROR;
				CLANG_WARN_DOCUMENTATION_COMMENTS = YES;
				CLANG_WARN_EMPTY_BODY = YES;
				CLANG_WARN_ENUM_CONVERSION = YES;
				CLANG_WARN_INFINITE_RECURSION = YES;
				CLANG_WARN_INT_CONVERSION = YES;
				CLANG_WARN_NON_LITERAL_NULL_CONVERSION = YES;
				CLANG_WARN_OBJC_IMPLICIT_RETAIN_SELF = YES;
				CLANG_WARN_OBJC_LITERAL_CONVERSION = YES;
				CLANG_WARN_OBJC_ROOT_CLASS = YES_ERROR;
				CLANG_WARN_QUOTED_INCLUDE_IN_FRAMEWORK_HEADER = YES;
				CLANG_WARN_RANGE_LOOP_ANALYSIS = YES;
				CLANG_WARN_STRICT_PROTOTYPES = YES;
				CLANG_WARN_SUSPICIOUS_MOVE = YES;
				CLANG_WARN_UNGUARDED_AVAILABILITY = YES_AGGRESSIVE;
				CLANG_WARN_UNREACHABLE_CODE = YES;
				CLANG_WARN__DUPLICATE_METHOD_MATCH = YES;
				COPY_PHASE_STRIP = NO;
				DEBUG_INFORMATION_FORMAT = dwarf;
				ENABLE_STRICT_OBJC_MSGSEND = YES;
				ENABLE_TESTABILITY = YES;
				ENABLE_USER_SCRIPT_SANDBOXING = YES;
				GCC_C_LANGUAGE_STANDARD = gnu17;
				GCC_DYNAMIC_NO_PIC = NO;
				GCC_NO_COMMON_BLOCKS = YES;
				GCC_OPTIMIZATION_LEVEL = 0;
				GCC_PREPROCESSOR_DEFINITIONS = (
					"DEBUG=1",
					"$(inherited)",
				);
				GCC_WARN_64_TO_32_BIT_CONVERSION = YES;
				GCC_WARN_ABOUT_RETURN_TYPE = YES_ERROR;
				GCC_WARN_UNDECLARED_SELECTOR = YES;
				GCC_WARN_UNINITIALIZED_AUTOS = YES_AGGRESSIVE;
				GCC_WARN_UNUSED_FUNCTION = YES;
				GCC_WARN_UNUSED_VARIABLE = YES;
				IPHONEOS_DEPLOYMENT_TARGET = 17.4;
				LOCALIZATION_PREFERS_STRING_CATALOGS = YES;
				MTL_ENABLE_DEBUG_INFO = INCLUDE_SOURCE;
				MTL_FAST_MATH = YES;
				ONLY_ACTIVE_ARCH = YES;
				SDKROOT = iphoneos;
				SWIFT_ACTIVE_COMPILATION_CONDITIONS = "DEBUG $(inherited)";
				SWIFT_OPTIMIZATION_LEVEL = "-Onone";
			};
			name = Debug;
		};
		CCF0BE452CC4C10F00184E5D /* Release */ = {
			isa = XCBuildConfiguration;
			buildSettings = {
				ALWAYS_SEARCH_USER_PATHS = NO;
				ASSETCATALOG_COMPILER_GENERATE_SWIFT_ASSET_SYMBOL_EXTENSIONS = YES;
				CLANG_ANALYZER_NONNULL = YES;
				CLANG_ANALYZER_NUMBER_OBJECT_CONVERSION = YES_AGGRESSIVE;
				CLANG_CXX_LANGUAGE_STANDARD = "gnu++20";
				CLANG_ENABLE_MODULES = YES;
				CLANG_ENABLE_OBJC_ARC = YES;
				CLANG_ENABLE_OBJC_WEAK = YES;
				CLANG_WARN_BLOCK_CAPTURE_AUTORELEASING = YES;
				CLANG_WARN_BOOL_CONVERSION = YES;
				CLANG_WARN_COMMA = YES;
				CLANG_WARN_CONSTANT_CONVERSION = YES;
				CLANG_WARN_DEPRECATED_OBJC_IMPLEMENTATIONS = YES;
				CLANG_WARN_DIRECT_OBJC_ISA_USAGE = YES_ERROR;
				CLANG_WARN_DOCUMENTATION_COMMENTS = YES;
				CLANG_WARN_EMPTY_BODY = YES;
				CLANG_WARN_ENUM_CONVERSION = YES;
				CLANG_WARN_INFINITE_RECURSION = YES;
				CLANG_WARN_INT_CONVERSION = YES;
				CLANG_WARN_NON_LITERAL_NULL_CONVERSION = YES;
				CLANG_WARN_OBJC_IMPLICIT_RETAIN_SELF = YES;
				CLANG_WARN_OBJC_LITERAL_CONVERSION = YES;
				CLANG_WARN_OBJC_ROOT_CLASS = YES_ERROR;
				CLANG_WARN_QUOTED_INCLUDE_IN_FRAMEWORK_HEADER = YES;
				CLANG_WARN_RANGE_LOOP_ANALYSIS = YES;
				CLANG_WARN_STRICT_PROTOTYPES = YES;
				CLANG_WARN_SUSPICIOUS_MOVE = YES;
				CLANG_WARN_UNGUARDED_AVAILABILITY = YES_AGGRESSIVE;
				CLANG_WARN_UNREACHABLE_CODE = YES;
				CLANG_WARN__DUPLICATE_METHOD_MATCH = YES;
				COPY_PHASE_STRIP = NO;
				DEBUG_INFORMATION_FORMAT = "dwarf-with-dsym";
				ENABLE_NS_ASSERTIONS = NO;
				ENABLE_STRICT_OBJC_MSGSEND = YES;
				ENABLE_USER_SCRIPT_SANDBOXING = YES;
				GCC_C_LANGUAGE_STANDARD = gnu17;
				GCC_NO_COMMON_BLOCKS = YES;
				GCC_WARN_64_TO_32_BIT_CONVERSION = YES;
				GCC_WARN_ABOUT_RETURN_TYPE = YES_ERROR;
				GCC_WARN_UNDECLARED_SELECTOR = YES;
				GCC_WARN_UNINITIALIZED_AUTOS = YES_AGGRESSIVE;
				GCC_WARN_UNUSED_FUNCTION = YES;
				GCC_WARN_UNUSED_VARIABLE = YES;
				IPHONEOS_DEPLOYMENT_TARGET = 17.4;
				LOCALIZATION_PREFERS_STRING_CATALOGS = YES;
				MTL_ENABLE_DEBUG_INFO = NO;
				MTL_FAST_MATH = YES;
				SDKROOT = iphoneos;
				SWIFT_COMPILATION_MODE = wholemodule;
				VALIDATE_PRODUCT = YES;
			};
			name = Release;
		};
		CCF0BE472CC4C10F00184E5D /* Debug */ = {
			isa = XCBuildConfiguration;
			buildSettings = {
				ASSETCATALOG_COMPILER_APPICON_NAME = AppIcon;
				ASSETCATALOG_COMPILER_GLOBAL_ACCENT_COLOR_NAME = AccentColor;
				CLANG_ENABLE_MODULES = YES;
				CODE_SIGN_IDENTITY = "Apple Development";
				CODE_SIGN_STYLE = Automatic;
				CURRENT_PROJECT_VERSION = 1;
				DEVELOPMENT_TEAM = M786WFB7SZ;
				ENABLE_PREVIEWS = YES;
				GENERATE_INFOPLIST_FILE = YES;
				INFOPLIST_KEY_UIApplicationSceneManifest_Generation = YES;
				INFOPLIST_KEY_UIApplicationSupportsIndirectInputEvents = YES;
				INFOPLIST_KEY_UILaunchScreen_Generation = YES;
				INFOPLIST_KEY_UISupportedInterfaceOrientations_iPad = "UIInterfaceOrientationPortrait UIInterfaceOrientationPortraitUpsideDown UIInterfaceOrientationLandscapeLeft UIInterfaceOrientationLandscapeRight";
				INFOPLIST_KEY_UISupportedInterfaceOrientations_iPhone = "UIInterfaceOrientationPortrait UIInterfaceOrientationLandscapeLeft UIInterfaceOrientationLandscapeRight";
				IPHONEOS_DEPLOYMENT_TARGET = 16.0;
				LD_RUNPATH_SEARCH_PATHS = (
					"$(inherited)",
					"@executable_path/Frameworks",
				);
				MARKETING_VERSION = 1.0;
				PRODUCT_BUNDLE_IDENTIFIER = "com.metal-sandbox-ios";
				PRODUCT_NAME = "$(TARGET_NAME)";
				PROVISIONING_PROFILE_SPECIFIER = "";
				SWIFT_EMIT_LOC_STRINGS = YES;
				SWIFT_OBJC_BRIDGING_HEADER = "metal-sandbox-ios-Bridging-Header.h";
				SWIFT_OPTIMIZATION_LEVEL = "-Onone";
				SWIFT_VERSION = 5.0;
				TARGETED_DEVICE_FAMILY = "1,2";
			};
			name = Debug;
		};
		CCF0BE482CC4C10F00184E5D /* Release */ = {
			isa = XCBuildConfiguration;
			buildSettings = {
				ASSETCATALOG_COMPILER_APPICON_NAME = AppIcon;
				ASSETCATALOG_COMPILER_GLOBAL_ACCENT_COLOR_NAME = AccentColor;
				CLANG_ENABLE_MODULES = YES;
				CODE_SIGN_IDENTITY = "Apple Development";
				CODE_SIGN_STYLE = Automatic;
				CURRENT_PROJECT_VERSION = 1;
				DEVELOPMENT_TEAM = M786WFB7SZ;
				ENABLE_PREVIEWS = YES;
				GENERATE_INFOPLIST_FILE = YES;
				INFOPLIST_KEY_UIApplicationSceneManifest_Generation = YES;
				INFOPLIST_KEY_UIApplicationSupportsIndirectInputEvents = YES;
				INFOPLIST_KEY_UILaunchScreen_Generation = YES;
				INFOPLIST_KEY_UISupportedInterfaceOrientations_iPad = "UIInterfaceOrientationPortrait UIInterfaceOrientationPortraitUpsideDown UIInterfaceOrientationLandscapeLeft UIInterfaceOrientationLandscapeRight";
				INFOPLIST_KEY_UISupportedInterfaceOrientations_iPhone = "UIInterfaceOrientationPortrait UIInterfaceOrientationLandscapeLeft UIInterfaceOrientationLandscapeRight";
				IPHONEOS_DEPLOYMENT_TARGET = 16.0;
				LD_RUNPATH_SEARCH_PATHS = (
					"$(inherited)",
					"@executable_path/Frameworks",
				);
				MARKETING_VERSION = 1.0;
				PRODUCT_BUNDLE_IDENTIFIER = "com.metal-sandbox-ios";
				PRODUCT_NAME = "$(TARGET_NAME)";
				PROVISIONING_PROFILE_SPECIFIER = "";
				SWIFT_EMIT_LOC_STRINGS = YES;
				SWIFT_OBJC_BRIDGING_HEADER = "metal-sandbox-ios-Bridging-Header.h";
				SWIFT_VERSION = 5.0;
				TARGETED_DEVICE_FAMILY = "1,2";
			};
			name = Release;
		};
/* End XCBuildConfiguration section */

/* Begin XCConfigurationList section */
		CCF0BE332CC4C10D00184E5D /* Build configuration list for PBXProject "metal-sandbox-ios" */ = {
			isa = XCConfigurationList;
			buildConfigurations = (
				CCF0BE442CC4C10F00184E5D /* Debug */,
				CCF0BE452CC4C10F00184E5D /* Release */,
			);
			defaultConfigurationIsVisible = 0;
			defaultConfigurationName = Release;
		};
		CCF0BE462CC4C10F00184E5D /* Build configuration list for PBXNativeTarget "metal-sandbox-ios" */ = {
			isa = XCConfigurationList;
			buildConfigurations = (
				CCF0BE472CC4C10F00184E5D /* Debug */,
				CCF0BE482CC4C10F00184E5D /* Release */,
			);
			defaultConfigurationIsVisible = 0;
			defaultConfigurationName = Release;
		};
/* End XCConfigurationList section */
	};
	rootObject = CCF0BE302CC4C10D00184E5D /* Project object */;
}
